
Microsoft Visual Studio Solution File, Format Version 12.00
# Visual Studio Version 16
VisualStudioVersion = 16.0.30413.136
MinimumVisualStudioVersion = 10.0.40219.1
Project("{9A19103F-16F7-4668-BE54-9A1E7A4F7556}") = "OdeToFood.NetCore", "OdeToFood.NetCore\OdeToFood.NetCore.csproj", "{170DA12F-69CA-465D-81BC-8E6EB1F801D0}"
EndProject
Project("{9A19103F-16F7-4668-BE54-9A1E7A4F7556}") = "OdeToFood.Core", "OdeToFood.Core\OdeToFood.Core.csproj", "{04A1F93E-6752-4AF6-A749-316425FFD556}"
EndProject
Project("{9A19103F-16F7-4668-BE54-9A1E7A4F7556}") = "OdeToFood.Data", "OdeToFood.Data\OdeToFood.Data.csproj", "{3265D812-C263-4943-A5E7-A64D2FA30006}"
EndProject
Project("{2150E333-8FDC-42A3-9474-1A3956D46DE8}") = "Solution Items", "Solution Items", "{C719DF4B-5A0D-4BCA-93C5-EF92A17A979B}"
EndProject
Global
	GlobalSection(SolutionConfigurationPlatforms) = preSolution
		Debug|Any CPU = Debug|Any CPU
		Release|Any CPU = Release|Any CPU
	EndGlobalSection
	GlobalSection(ProjectConfigurationPlatforms) = postSolution
		{170DA12F-69CA-465D-81BC-8E6EB1F801D0}.Debug|Any CPU.ActiveCfg = Debug|Any CPU
		{170DA12F-69CA-465D-81BC-8E6EB1F801D0}.Debug|Any CPU.Build.0 = Debug|Any CPU
		{170DA12F-69CA-465D-81BC-8E6EB1F801D0}.Release|Any CPU.ActiveCfg = Release|Any CPU
		{170DA12F-69CA-465D-81BC-8E6EB1F801D0}.Release|Any CPU.Build.0 = Release|Any CPU
		{04A1F93E-6752-4AF6-A749-316425FFD556}.Debug|Any CPU.ActiveCfg = Debug|Any CPU
		{04A1F93E-6752-4AF6-A749-316425FFD556}.Debug|Any CPU.Build.0 = Debug|Any CPU
		{04A1F93E-6752-4AF6-A749-316425FFD556}.Release|Any CPU.ActiveCfg = Release|Any CPU
		{04A1F93E-6752-4AF6-A749-316425FFD556}.Release|Any CPU.Build.0 = Release|Any CPU
		{3265D812-C263-4943-A5E7-A64D2FA30006}.Debug|Any CPU.ActiveCfg = Debug|Any CPU
		{3265D812-C263-4943-A5E7-A64D2FA30006}.Debug|Any CPU.Build.0 = Debug|Any CPU
		{3265D812-C263-4943-A5E7-A64D2FA30006}.Release|Any CPU.ActiveCfg = Release|Any CPU
		{3265D812-C263-4943-A5E7-A64D2FA30006}.Release|Any CPU.Build.0 = Release|Any CPU
	EndGlobalSection
	GlobalSection(SolutionProperties) = preSolution
		HideSolutionNode = FALSE
	EndGlobalSection
	GlobalSection(ExtensibilityGlobals) = postSolution
		SolutionGuid = {41E2353D-BFD4-45B6-AC1F-33EE3D000B8A}
	EndGlobalSection
EndGlobal
